
Microsoft Visual Studio Solution File, Format Version 12.00
# Visual Studio Version 17
VisualStudioVersion = 17.10.35027.167
MinimumVisualStudioVersion = 10.0.40219.1
Project("{9A19103F-16F7-4668-BE54-9A1E7A4F7556}") = "UntimedSpecialOrders", "UntimedSpecialOrders.csproj", "{2DCA74F0-ABA6-433E-A8B2-33E944A63335}"
EndProject
Global
	GlobalSection(SolutionConfigurationPlatforms) = preSolution
		Debug|Any CPU = Debug|Any CPU
		Release|Any CPU = Release|Any CPU
	EndGlobalSection
	GlobalSection(ProjectConfigurationPlatforms) = postSolution
		{2DCA74F0-ABA6-433E-A8B2-33E944A63335}.Debug|Any CPU.ActiveCfg = Debug|Any CPU
		{2DCA74F0-ABA6-433E-A8B2-33E944A63335}.Debug|Any CPU.Build.0 = Debug|Any CPU
		{2DCA74F0-ABA6-433E-A8B2-33E944A63335}.Release|Any CPU.ActiveCfg = Release|Any CPU
		{2DCA74F0-ABA6-433E-A8B2-33E944A63335}.Release|Any CPU.Build.0 = Release|Any CPU
	EndGlobalSection
	GlobalSection(SolutionProperties) = preSolution
		HideSolutionNode = FALSE
	EndGlobalSection
	GlobalSection(ExtensibilityGlobals) = postSolution
		SolutionGuid = {BEACB048-D22F-4AB1-96A0-E4DFA3B949E7}
	EndGlobalSection
EndGlobal
